
Microsoft Visual Studio Solution File, Format Version 11.00
# Visual Studio 2010
Project("{8BC9CEB8-8B4A-11D0-8D11-00A0C91BC942}") = "Kinect-Clothes", "position.vcxproj", "{FE52102B-6F12-461F-AC3F-87FA47AC179A}"
EndProject
Project("{2150E333-8FDC-42A3-9474-1A3956D46DE8}") = "Solution Items", "Solution Items", "{BE1E3C6A-E46F-44A3-A066-9BC222510DF6}"
EndProject
Global
	GlobalSection(SolutionConfigurationPlatforms) = preSolution
		Debug|Win32 = Debug|Win32
		Release|Win32 = Release|Win32
	EndGlobalSection
	GlobalSection(ProjectConfigurationPlatforms) = postSolution
		{FE52102B-6F12-461F-AC3F-87FA47AC179A}.Debug|Win32.ActiveCfg = Debug|Win32
		{FE52102B-6F12-461F-AC3F-87FA47AC179A}.Debug|Win32.Build.0 = Debug|Win32
		{FE52102B-6F12-461F-AC3F-87FA47AC179A}.Release|Win32.ActiveCfg = Release|Win32
		{FE52102B-6F12-461F-AC3F-87FA47AC179A}.Release|Win32.Build.0 = Release|Win32
	EndGlobalSection
	GlobalSection(SolutionProperties) = preSolution
		HideSolutionNode = FALSE
	EndGlobalSection
EndGlobal
