<?xml version="1.0" encoding="utf-8"?>
<Project ToolsVersion="4.0" xmlns="http://schemas.microsoft.com/developer/msbuild/2003">
  <ItemGroup>
    <Filter Include="Source Files">
      <UniqueIdentifier>{4FC737F1-C7A5-4376-A066-2A32D752A2FF}</UniqueIdentifier>
      <Extensions>cpp;c;cc;cxx;def;odl;idl;hpj;bat;asm;asmx</Extensions>
    </Filter>
    <Filter Include="Res">
      <UniqueIdentifier>{17cb63e6-e9c4-4381-8f88-52de5e91f173}</UniqueIdentifier>
    </Filter>
  </ItemGroup>
  <ItemGroup>
    <ClCompile Include="Audio.cpp">
      <Filter>Source Files</Filter>
    </ClCompile>
    <ClCompile Include="Capture.cpp">
      <Filter>Source Files</Filter>
    </ClCompile>
    <ClCompile Include="Device.cpp">
      <Filter>Source Files</Filter>
    </ClCompile>
    <ClCompile Include="Draw.cpp">
      <Filter>Source Files</Filter>
    </ClCompile>
    <ClCompile Include="Keyboard.cpp">
      <Filter>Source Files</Filter>
    </ClCompile>
    <ClCompile Include="Menu.cpp">
      <Filter>Source Files</Filter>
    </ClCompile>
    <ClCompile Include="MouseInput.cpp">
      <Filter>Source Files</Filter>
    </ClCompile>
    <ClCompile Include="NiViewer.cpp">
      <Filter>Source Files</Filter>
    </ClCompile>
    <ClCompile Include="Statistics.cpp">
      <Filter>Source Files</Filter>
    </ClCompile>
  </ItemGroup>
  <ItemGroup>
    <ClInclude Include="Audio.h">
      <Filter>Source Files</Filter>
    </ClInclude>
    <ClInclude Include="Capture.h">
      <Filter>Source Files</Filter>
    </ClInclude>
    <ClInclude Include="Device.h">
      <Filter>Source Files</Filter>
    </ClInclude>
    <ClInclude Include="Draw.h">
      <Filter>Source Files</Filter>
    </ClInclude>
    <ClInclude Include="Keyboard.h">
      <Filter>Source Files</Filter>
    </ClInclude>
    <ClInclude Include="Menu.h">
      <Filter>Source Files</Filter>
    </ClInclude>
    <ClInclude Include="MouseInput.h">
      <Filter>Source Files</Filter>
    </ClInclude>
    <ClInclude Include="Statistics.h">
      <Filter>Source Files</Filter>
    </ClInclude>
    <ClInclude Include="..\Res\Resource-OpenNI.h">
      <Filter>Res</Filter>
    </ClInclude>
  </ItemGroup>
  <ItemGroup>
    <None Include="..\Res\mainicon.ico">
      <Filter>Res</Filter>
    </None>
  </ItemGroup>
  <ItemGroup>
    <ResourceCompile Include="..\Res\OpenNI.rc">
      <Filter>Res</Filter>
    </ResourceCompile>
  </ItemGroup>
</Project>